
Microsoft Visual Studio Solution File, Format Version 12.00
# Visual Studio Version 17
VisualStudioVersion = 17.5.33502.453
MinimumVisualStudioVersion = 10.0.40219.1
Project("{FAE04EC0-301F-11D3-BF4B-00C04F79EFBC}") = "HumanComputerInteraction.DesktopUI", "HumanComputerInteraction.DesktopUI\HumanComputerInteraction.DesktopUI.csproj", "{58C158D7-3117-4B9D-8306-B234EAFFDCE7}"
EndProject
Global
	GlobalSection(SolutionConfigurationPlatforms) = preSolution
		Debug|Any CPU = Debug|Any CPU
		Release|Any CPU = Release|Any CPU
	EndGlobalSection
	GlobalSection(ProjectConfigurationPlatforms) = postSolution
		{58C158D7-3117-4B9D-8306-B234EAFFDCE7}.Debug|Any CPU.ActiveCfg = Debug|Any CPU
		{58C158D7-3117-4B9D-8306-B234EAFFDCE7}.Debug|Any CPU.Build.0 = Debug|Any CPU
		{58C158D7-3117-4B9D-8306-B234EAFFDCE7}.Release|Any CPU.ActiveCfg = Release|Any CPU
		{58C158D7-3117-4B9D-8306-B234EAFFDCE7}.Release|Any CPU.Build.0 = Release|Any CPU
	EndGlobalSection
	GlobalSection(SolutionProperties) = preSolution
		HideSolutionNode = FALSE
	EndGlobalSection
	GlobalSection(ExtensibilityGlobals) = postSolution
		SolutionGuid = {6A59A65B-FC16-4389-8FED-E229CAE7A221}
	EndGlobalSection
EndGlobal
